
Microsoft Visual Studio Solution File, Format Version 11.00
# Visual Studio 2010
Project("{FAE04EC0-301F-11D3-BF4B-00C04F79EFBC}") = "FattenUp", "Assembly-CSharp-firstpass.csproj", "{06A1F467-0D96-B5D5-97BC-E7FC58887BF6}"
EndProject
Project("{FAE04EC0-301F-11D3-BF4B-00C04F79EFBC}") = "FattenUp", "Assembly-CSharp.csproj", "{1E895FF0-D240-D57E-8FA6-263BBD0C9904}"
EndProject
Project("{FAE04EC0-301F-11D3-BF4B-00C04F79EFBC}") = "FattenUp", "Assembly-CSharp-Editor-firstpass.csproj", "{0C979AE1-8DA3-7A74-5A7F-4C106C67385B}"
EndProject
Project("{FAE04EC0-301F-11D3-BF4B-00C04F79EFBC}") = "FattenUp", "Assembly-CSharp-Editor.csproj", "{3C0EC685-D944-840A-D859-5CF1285F2CA4}"
EndProject
Global
	GlobalSection(SolutionConfigurationPlatforms) = preSolution
		Debug|Any CPU = Debug|Any CPU
		Release|Any CPU = Release|Any CPU
	EndGlobalSection
	GlobalSection(ProjectConfigurationPlatforms) = postSolution
		{06A1F467-0D96-B5D5-97BC-E7FC58887BF6}.Debug|Any CPU.ActiveCfg = Debug|Any CPU
		{06A1F467-0D96-B5D5-97BC-E7FC58887BF6}.Debug|Any CPU.Build.0 = Debug|Any CPU
		{06A1F467-0D96-B5D5-97BC-E7FC58887BF6}.Release|Any CPU.ActiveCfg = Release|Any CPU
		{06A1F467-0D96-B5D5-97BC-E7FC58887BF6}.Release|Any CPU.Build.0 = Release|Any CPU
		{1E895FF0-D240-D57E-8FA6-263BBD0C9904}.Debug|Any CPU.ActiveCfg = Debug|Any CPU
		{1E895FF0-D240-D57E-8FA6-263BBD0C9904}.Debug|Any CPU.Build.0 = Debug|Any CPU
		{1E895FF0-D240-D57E-8FA6-263BBD0C9904}.Release|Any CPU.ActiveCfg = Release|Any CPU
		{1E895FF0-D240-D57E-8FA6-263BBD0C9904}.Release|Any CPU.Build.0 = Release|Any CPU
		{0C979AE1-8DA3-7A74-5A7F-4C106C67385B}.Debug|Any CPU.ActiveCfg = Debug|Any CPU
		{0C979AE1-8DA3-7A74-5A7F-4C106C67385B}.Debug|Any CPU.Build.0 = Debug|Any CPU
		{0C979AE1-8DA3-7A74-5A7F-4C106C67385B}.Release|Any CPU.ActiveCfg = Release|Any CPU
		{0C979AE1-8DA3-7A74-5A7F-4C106C67385B}.Release|Any CPU.Build.0 = Release|Any CPU
		{3C0EC685-D944-840A-D859-5CF1285F2CA4}.Debug|Any CPU.ActiveCfg = Debug|Any CPU
		{3C0EC685-D944-840A-D859-5CF1285F2CA4}.Debug|Any CPU.Build.0 = Debug|Any CPU
		{3C0EC685-D944-840A-D859-5CF1285F2CA4}.Release|Any CPU.ActiveCfg = Release|Any CPU
		{3C0EC685-D944-840A-D859-5CF1285F2CA4}.Release|Any CPU.Build.0 = Release|Any CPU
	EndGlobalSection
	GlobalSection(SolutionProperties) = preSolution
		HideSolutionNode = FALSE
	EndGlobalSection
	GlobalSection(MonoDevelopProperties) = preSolution
		StartupItem = Assembly-CSharp.csproj
	EndGlobalSection
EndGlobal
